{
  "requires": true,
  "lockfileVersion": 1,
  "dependencies": {
    "expose-loader": {
      "version": "3.0.0",
      "resolved": "https://registry.npmjs.org/expose-loader/-/expose-loader-3.0.0.tgz",
      "integrity": "sha512-X7ncrzmiQbJHOyLwuymECHk4NYvoPFwnsINMYFaRrm4fxuxR59hV1v65bho3TpIoWieP8WZmhz6micKny8orWg=="
    },
    "jquery": {
      "version": "3.6.0",
      "resolved": "https://registry.npmjs.org/jquery/-/jquery-3.6.0.tgz",
      "integrity": "sha512-JVzAR/AjBvVt2BmYhxRCSYysDsPcssdmTFnzyLEts9qNwmjmu4JTAMYubEfwVOSwpQ1I1sKKFcxhZCI2buerfw=="
    }
  }
}
